{
    "name": "sample-slot",
    "version": "0.1.0",
    "lockfileVersion": 3,
    "requires": true,
    "packages": {
        "": {
            "name": "sample-slot",
            "version": "0.1.0",
            "dependencies": {
                "pokie": "^1.3.0"
            },
            "devDependencies": {
                "typescript": "^5.0.4",
                "@types/node": "^20.11.0"
            }
        }
    }
}
